
Microsoft Visual Studio Solution File, Format Version 9.00
# Visual Studio 2005
Project("{FAE04EC0-301F-11D3-BF4B-00C04F79EFBC}") = "ImageAmasser", "ImageAmasser\ImageAmasser.csproj", "{EDACD2E9-CFD1-4F1B-B96D-55A7E3E07773}"
EndProject
Global
	GlobalSection(SolutionConfigurationPlatforms) = preSolution
		Debug|Any CPU = Debug|Any CPU
		Release|Any CPU = Release|Any CPU
	EndGlobalSection
	GlobalSection(ProjectConfigurationPlatforms) = postSolution
		{EDACD2E9-CFD1-4F1B-B96D-55A7E3E07773}.Debug|Any CPU.ActiveCfg = Debug|Any CPU
		{EDACD2E9-CFD1-4F1B-B96D-55A7E3E07773}.Debug|Any CPU.Build.0 = Debug|Any CPU
		{EDACD2E9-CFD1-4F1B-B96D-55A7E3E07773}.Release|Any CPU.ActiveCfg = Release|Any CPU
		{EDACD2E9-CFD1-4F1B-B96D-55A7E3E07773}.Release|Any CPU.Build.0 = Release|Any CPU
	EndGlobalSection
	GlobalSection(SolutionProperties) = preSolution
		HideSolutionNode = FALSE
	EndGlobalSection
EndGlobal
